
Microsoft Visual Studio Solution File, Format Version 12.00
# Visual Studio Version 16
VisualStudioVersion = 16.0.30621.155
MinimumVisualStudioVersion = 10.0.40219.1
Project("{FAE04EC0-301F-11D3-BF4B-00C04F79EFBC}") = "Input", "Input\Input.csproj", "{20175BEA-98F9-4614-B9D3-4052333178FE}"
EndProject
Global
	GlobalSection(SolutionConfigurationPlatforms) = preSolution
		Debug|Any CPU = Debug|Any CPU
		Release|Any CPU = Release|Any CPU
	EndGlobalSection
	GlobalSection(ProjectConfigurationPlatforms) = postSolution
		{20175BEA-98F9-4614-B9D3-4052333178FE}.Debug|Any CPU.ActiveCfg = Debug|Any CPU
		{20175BEA-98F9-4614-B9D3-4052333178FE}.Debug|Any CPU.Build.0 = Debug|Any CPU
		{20175BEA-98F9-4614-B9D3-4052333178FE}.Release|Any CPU.ActiveCfg = Release|Any CPU
		{20175BEA-98F9-4614-B9D3-4052333178FE}.Release|Any CPU.Build.0 = Release|Any CPU
	EndGlobalSection
	GlobalSection(SolutionProperties) = preSolution
		HideSolutionNode = FALSE
	EndGlobalSection
	GlobalSection(ExtensibilityGlobals) = postSolution
		SolutionGuid = {B300A0CA-7BD5-437A-B271-79709FA28E3A}
	EndGlobalSection
EndGlobal
