
Microsoft Visual Studio Solution File, Format Version 12.00
# Visual Studio Version 16
VisualStudioVersion = 16.0.30225.117
MinimumVisualStudioVersion = 10.0.40219.1
Project("{FAE04EC0-301F-11D3-BF4B-00C04F79EFBC}") = "MyNewLayout", "MyNewLayout\MyNewLayout.csproj", "{2CC38F6B-B73A-453C-A80E-187401C4E6AB}"
EndProject
Project("{FAE04EC0-301F-11D3-BF4B-00C04F79EFBC}") = "MyNewLayout2", "MyNewLayout2\MyNewLayout2.csproj", "{F6BF7622-9509-4AE8-AFC8-09BCE766BCC3}"
EndProject
Global
	GlobalSection(SolutionConfigurationPlatforms) = preSolution
		Debug|Any CPU = Debug|Any CPU
		Release|Any CPU = Release|Any CPU
	EndGlobalSection
	GlobalSection(ProjectConfigurationPlatforms) = postSolution
		{2CC38F6B-B73A-453C-A80E-187401C4E6AB}.Debug|Any CPU.ActiveCfg = Debug|Any CPU
		{2CC38F6B-B73A-453C-A80E-187401C4E6AB}.Debug|Any CPU.Build.0 = Debug|Any CPU
		{2CC38F6B-B73A-453C-A80E-187401C4E6AB}.Release|Any CPU.ActiveCfg = Release|Any CPU
		{2CC38F6B-B73A-453C-A80E-187401C4E6AB}.Release|Any CPU.Build.0 = Release|Any CPU
		{F6BF7622-9509-4AE8-AFC8-09BCE766BCC3}.Debug|Any CPU.ActiveCfg = Debug|Any CPU
		{F6BF7622-9509-4AE8-AFC8-09BCE766BCC3}.Debug|Any CPU.Build.0 = Debug|Any CPU
		{F6BF7622-9509-4AE8-AFC8-09BCE766BCC3}.Release|Any CPU.ActiveCfg = Release|Any CPU
		{F6BF7622-9509-4AE8-AFC8-09BCE766BCC3}.Release|Any CPU.Build.0 = Release|Any CPU
	EndGlobalSection
	GlobalSection(SolutionProperties) = preSolution
		HideSolutionNode = FALSE
	EndGlobalSection
	GlobalSection(ExtensibilityGlobals) = postSolution
		SolutionGuid = {B4B66107-324B-4E4E-8311-61E801AF7EE3}
	EndGlobalSection
EndGlobal
