
Microsoft Visual Studio Solution File, Format Version 12.00
# Visual Studio Version 16
VisualStudioVersion = 16.0.30225.117
MinimumVisualStudioVersion = 10.0.40219.1
Project("{FAE04EC0-301F-11D3-BF4B-00C04F79EFBC}") = "TryingAutofac", "TryingAutofac\TryingAutofac.csproj", "{4BA8429F-7099-4EA7-8F7B-33F789E599BB}"
EndProject
Global
	GlobalSection(SolutionConfigurationPlatforms) = preSolution
		Debug|Any CPU = Debug|Any CPU
		Release|Any CPU = Release|Any CPU
	EndGlobalSection
	GlobalSection(ProjectConfigurationPlatforms) = postSolution
		{4BA8429F-7099-4EA7-8F7B-33F789E599BB}.Debug|Any CPU.ActiveCfg = Debug|Any CPU
		{4BA8429F-7099-4EA7-8F7B-33F789E599BB}.Debug|Any CPU.Build.0 = Debug|Any CPU
		{4BA8429F-7099-4EA7-8F7B-33F789E599BB}.Release|Any CPU.ActiveCfg = Release|Any CPU
		{4BA8429F-7099-4EA7-8F7B-33F789E599BB}.Release|Any CPU.Build.0 = Release|Any CPU
	EndGlobalSection
	GlobalSection(SolutionProperties) = preSolution
		HideSolutionNode = FALSE
	EndGlobalSection
	GlobalSection(ExtensibilityGlobals) = postSolution
		SolutionGuid = {0549C172-77D5-463D-A054-6A71023A5C6D}
	EndGlobalSection
EndGlobal
