
Microsoft Visual Studio Solution File, Format Version 12.00
# Visual Studio Version 16
VisualStudioVersion = 16.0.30621.155
MinimumVisualStudioVersion = 10.0.40219.1
Project("{FAE04EC0-301F-11D3-BF4B-00C04F79EFBC}") = "FileCalculation", "FileCalculation\FileCalculation.csproj", "{09903DB2-57B0-4E54-946F-565228E2B394}"
EndProject
Global
	GlobalSection(SolutionConfigurationPlatforms) = preSolution
		Debug|Any CPU = Debug|Any CPU
		Release|Any CPU = Release|Any CPU
	EndGlobalSection
	GlobalSection(ProjectConfigurationPlatforms) = postSolution
		{09903DB2-57B0-4E54-946F-565228E2B394}.Debug|Any CPU.ActiveCfg = Debug|Any CPU
		{09903DB2-57B0-4E54-946F-565228E2B394}.Debug|Any CPU.Build.0 = Debug|Any CPU
		{09903DB2-57B0-4E54-946F-565228E2B394}.Release|Any CPU.ActiveCfg = Release|Any CPU
		{09903DB2-57B0-4E54-946F-565228E2B394}.Release|Any CPU.Build.0 = Release|Any CPU
	EndGlobalSection
	GlobalSection(SolutionProperties) = preSolution
		HideSolutionNode = FALSE
	EndGlobalSection
	GlobalSection(ExtensibilityGlobals) = postSolution
		SolutionGuid = {1D88F2D6-573A-426C-BBF9-6DDE9EFE1DC3}
	EndGlobalSection
EndGlobal
