
Microsoft Visual Studio Solution File, Format Version 12.00
# Visual Studio Version 16
VisualStudioVersion = 16.0.30804.86
MinimumVisualStudioVersion = 10.0.40219.1
Project("{9A19103F-16F7-4668-BE54-9A1E7A4F7556}") = "YogiCRUD1", "YogiCRUD1\YogiCRUD1.csproj", "{01CD46A2-552F-40E7-A724-C64476F1AF8B}"
EndProject
Project("{FAE04EC0-301F-11D3-BF4B-00C04F79EFBC}") = "YogiCRUD2", "YogiCRUD2\YogiCRUD2.csproj", "{0316F13F-408F-4A14-809A-6B24491DFA8D}"
EndProject
Global
	GlobalSection(SolutionConfigurationPlatforms) = preSolution
		Debug|Any CPU = Debug|Any CPU
		Release|Any CPU = Release|Any CPU
	EndGlobalSection
	GlobalSection(ProjectConfigurationPlatforms) = postSolution
		{01CD46A2-552F-40E7-A724-C64476F1AF8B}.Debug|Any CPU.ActiveCfg = Debug|Any CPU
		{01CD46A2-552F-40E7-A724-C64476F1AF8B}.Debug|Any CPU.Build.0 = Debug|Any CPU
		{01CD46A2-552F-40E7-A724-C64476F1AF8B}.Release|Any CPU.ActiveCfg = Release|Any CPU
		{01CD46A2-552F-40E7-A724-C64476F1AF8B}.Release|Any CPU.Build.0 = Release|Any CPU
		{0316F13F-408F-4A14-809A-6B24491DFA8D}.Debug|Any CPU.ActiveCfg = Debug|Any CPU
		{0316F13F-408F-4A14-809A-6B24491DFA8D}.Debug|Any CPU.Build.0 = Debug|Any CPU
		{0316F13F-408F-4A14-809A-6B24491DFA8D}.Release|Any CPU.ActiveCfg = Release|Any CPU
		{0316F13F-408F-4A14-809A-6B24491DFA8D}.Release|Any CPU.Build.0 = Release|Any CPU
	EndGlobalSection
	GlobalSection(SolutionProperties) = preSolution
		HideSolutionNode = FALSE
	EndGlobalSection
	GlobalSection(ExtensibilityGlobals) = postSolution
		SolutionGuid = {EDCFA02C-D1D8-462F-A5DF-AFF5CE82CE2F}
	EndGlobalSection
EndGlobal
