
Microsoft Visual Studio Solution File, Format Version 12.00
# Visual Studio Version 16
VisualStudioVersion = 16.0.30621.155
MinimumVisualStudioVersion = 10.0.40219.1
Project("{FAE04EC0-301F-11D3-BF4B-00C04F79EFBC}") = "GameManagementProject", "GameManagementProject\GameManagementProject.csproj", "{569B7089-129F-4A69-92B5-5607A67A7667}"
EndProject
Global
	GlobalSection(SolutionConfigurationPlatforms) = preSolution
		Debug|Any CPU = Debug|Any CPU
		Release|Any CPU = Release|Any CPU
	EndGlobalSection
	GlobalSection(ProjectConfigurationPlatforms) = postSolution
		{569B7089-129F-4A69-92B5-5607A67A7667}.Debug|Any CPU.ActiveCfg = Debug|Any CPU
		{569B7089-129F-4A69-92B5-5607A67A7667}.Debug|Any CPU.Build.0 = Debug|Any CPU
		{569B7089-129F-4A69-92B5-5607A67A7667}.Release|Any CPU.ActiveCfg = Release|Any CPU
		{569B7089-129F-4A69-92B5-5607A67A7667}.Release|Any CPU.Build.0 = Release|Any CPU
	EndGlobalSection
	GlobalSection(SolutionProperties) = preSolution
		HideSolutionNode = FALSE
	EndGlobalSection
	GlobalSection(ExtensibilityGlobals) = postSolution
		SolutionGuid = {2A49C03B-3ACC-45F4-A2E5-05AB1B7AA4C9}
	EndGlobalSection
EndGlobal
