
Microsoft Visual Studio Solution File, Format Version 12.00
# Visual Studio Version 16
VisualStudioVersion = 16.0.30621.155
MinimumVisualStudioVersion = 10.0.40219.1
Project("{9A19103F-16F7-4668-BE54-9A1E7A4F7556}") = "Demo.DataAccessLayer", "Demo.DataAccessLayer\Demo.DataAccessLayer.csproj", "{EC6D8221-992A-431A-BEA3-C43A8953B939}"
EndProject
Project("{9A19103F-16F7-4668-BE54-9A1E7A4F7556}") = "Demo.Foundation", "Demo.Foundation\Demo.Foundation.csproj", "{F9898462-81A9-4798-AB98-6257F442B115}"
EndProject
Project("{FAE04EC0-301F-11D3-BF4B-00C04F79EFBC}") = "Demo.Web", "Demo.Web\Demo.Web.csproj", "{A737E2DD-9384-425B-9B5A-2FB8E9876CDC}"
EndProject
Global
	GlobalSection(SolutionConfigurationPlatforms) = preSolution
		Debug|Any CPU = Debug|Any CPU
		Release|Any CPU = Release|Any CPU
	EndGlobalSection
	GlobalSection(ProjectConfigurationPlatforms) = postSolution
		{EC6D8221-992A-431A-BEA3-C43A8953B939}.Debug|Any CPU.ActiveCfg = Debug|Any CPU
		{EC6D8221-992A-431A-BEA3-C43A8953B939}.Debug|Any CPU.Build.0 = Debug|Any CPU
		{EC6D8221-992A-431A-BEA3-C43A8953B939}.Release|Any CPU.ActiveCfg = Release|Any CPU
		{EC6D8221-992A-431A-BEA3-C43A8953B939}.Release|Any CPU.Build.0 = Release|Any CPU
		{F9898462-81A9-4798-AB98-6257F442B115}.Debug|Any CPU.ActiveCfg = Debug|Any CPU
		{F9898462-81A9-4798-AB98-6257F442B115}.Debug|Any CPU.Build.0 = Debug|Any CPU
		{F9898462-81A9-4798-AB98-6257F442B115}.Release|Any CPU.ActiveCfg = Release|Any CPU
		{F9898462-81A9-4798-AB98-6257F442B115}.Release|Any CPU.Build.0 = Release|Any CPU
		{A737E2DD-9384-425B-9B5A-2FB8E9876CDC}.Debug|Any CPU.ActiveCfg = Debug|Any CPU
		{A737E2DD-9384-425B-9B5A-2FB8E9876CDC}.Debug|Any CPU.Build.0 = Debug|Any CPU
		{A737E2DD-9384-425B-9B5A-2FB8E9876CDC}.Release|Any CPU.ActiveCfg = Release|Any CPU
		{A737E2DD-9384-425B-9B5A-2FB8E9876CDC}.Release|Any CPU.Build.0 = Release|Any CPU
	EndGlobalSection
	GlobalSection(SolutionProperties) = preSolution
		HideSolutionNode = FALSE
	EndGlobalSection
	GlobalSection(ExtensibilityGlobals) = postSolution
		SolutionGuid = {9321F81C-7E47-4CA1-B985-59B03C5D47A5}
	EndGlobalSection
EndGlobal
