
Microsoft Visual Studio Solution File, Format Version 12.00
# Visual Studio Version 16
VisualStudioVersion = 16.0.31229.75
MinimumVisualStudioVersion = 10.0.40219.1
Project("{9A19103F-16F7-4668-BE54-9A1E7A4F7556}") = "LInqPractise1", "LInqPractise1\LInqPractise1.csproj", "{5B509EBF-F60D-4CF9-A684-B2B928216FEC}"
EndProject
Project("{9A19103F-16F7-4668-BE54-9A1E7A4F7556}") = "LinqPractise2", "LinqPractise2\LinqPractise2.csproj", "{5794EE66-AC06-487F-9514-A5D2BADF04DC}"
EndProject
Project("{FAE04EC0-301F-11D3-BF4B-00C04F79EFBC}") = "LinqPractise3", "LinqPractise3\LinqPractise3.csproj", "{134065BE-81DC-491D-AC1D-979B97C609A3}"
EndProject
Global
	GlobalSection(SolutionConfigurationPlatforms) = preSolution
		Debug|Any CPU = Debug|Any CPU
		Release|Any CPU = Release|Any CPU
	EndGlobalSection
	GlobalSection(ProjectConfigurationPlatforms) = postSolution
		{5B509EBF-F60D-4CF9-A684-B2B928216FEC}.Debug|Any CPU.ActiveCfg = Debug|Any CPU
		{5B509EBF-F60D-4CF9-A684-B2B928216FEC}.Debug|Any CPU.Build.0 = Debug|Any CPU
		{5B509EBF-F60D-4CF9-A684-B2B928216FEC}.Release|Any CPU.ActiveCfg = Release|Any CPU
		{5B509EBF-F60D-4CF9-A684-B2B928216FEC}.Release|Any CPU.Build.0 = Release|Any CPU
		{5794EE66-AC06-487F-9514-A5D2BADF04DC}.Debug|Any CPU.ActiveCfg = Debug|Any CPU
		{5794EE66-AC06-487F-9514-A5D2BADF04DC}.Debug|Any CPU.Build.0 = Debug|Any CPU
		{5794EE66-AC06-487F-9514-A5D2BADF04DC}.Release|Any CPU.ActiveCfg = Release|Any CPU
		{5794EE66-AC06-487F-9514-A5D2BADF04DC}.Release|Any CPU.Build.0 = Release|Any CPU
		{134065BE-81DC-491D-AC1D-979B97C609A3}.Debug|Any CPU.ActiveCfg = Debug|Any CPU
		{134065BE-81DC-491D-AC1D-979B97C609A3}.Debug|Any CPU.Build.0 = Debug|Any CPU
		{134065BE-81DC-491D-AC1D-979B97C609A3}.Release|Any CPU.ActiveCfg = Release|Any CPU
		{134065BE-81DC-491D-AC1D-979B97C609A3}.Release|Any CPU.Build.0 = Release|Any CPU
	EndGlobalSection
	GlobalSection(SolutionProperties) = preSolution
		HideSolutionNode = FALSE
	EndGlobalSection
	GlobalSection(ExtensibilityGlobals) = postSolution
		SolutionGuid = {630011C5-22FF-4666-BF73-723B943BCA5A}
	EndGlobalSection
EndGlobal
