
Microsoft Visual Studio Solution File, Format Version 12.00
# Visual Studio Version 16
VisualStudioVersion = 16.0.30204.135
MinimumVisualStudioVersion = 10.0.40219.1
Project("{9A19103F-16F7-4668-BE54-9A1E7A4F7556}") = "FirstWebApplication", "FirstWebApplication\FirstWebApplication.csproj", "{C6D32442-B179-4100-8FD2-B03E6E5944EF}"
EndProject
Project("{9A19103F-16F7-4668-BE54-9A1E7A4F7556}") = "Membership", "Membership\Membership.csproj", "{6597E590-0417-40AC-B0C9-1399498B8808}"
EndProject
Project("{9A19103F-16F7-4668-BE54-9A1E7A4F7556}") = "Contracts", "Contracts\Contracts.csproj", "{1FA05BFE-0AA5-4E9D-B795-6585A54DD3B7}"
EndProject
Project("{FAE04EC0-301F-11D3-BF4B-00C04F79EFBC}") = "DataAccessLayer", "DataAccessLayer\DataAccessLayer.csproj", "{D92ECADE-7DAE-4D0E-B957-38BB5C1818DD}"
EndProject
Project("{FAE04EC0-301F-11D3-BF4B-00C04F79EFBC}") = "Foundation", "Foundation\Foundation.csproj", "{5D7DD59E-EB24-406C-BCA1-4D70FAB0E500}"
EndProject
Global
	GlobalSection(SolutionConfigurationPlatforms) = preSolution
		Debug|Any CPU = Debug|Any CPU
		Release|Any CPU = Release|Any CPU
	EndGlobalSection
	GlobalSection(ProjectConfigurationPlatforms) = postSolution
		{C6D32442-B179-4100-8FD2-B03E6E5944EF}.Debug|Any CPU.ActiveCfg = Debug|Any CPU
		{C6D32442-B179-4100-8FD2-B03E6E5944EF}.Debug|Any CPU.Build.0 = Debug|Any CPU
		{C6D32442-B179-4100-8FD2-B03E6E5944EF}.Release|Any CPU.ActiveCfg = Release|Any CPU
		{C6D32442-B179-4100-8FD2-B03E6E5944EF}.Release|Any CPU.Build.0 = Release|Any CPU
		{6597E590-0417-40AC-B0C9-1399498B8808}.Debug|Any CPU.ActiveCfg = Debug|Any CPU
		{6597E590-0417-40AC-B0C9-1399498B8808}.Debug|Any CPU.Build.0 = Debug|Any CPU
		{6597E590-0417-40AC-B0C9-1399498B8808}.Release|Any CPU.ActiveCfg = Release|Any CPU
		{6597E590-0417-40AC-B0C9-1399498B8808}.Release|Any CPU.Build.0 = Release|Any CPU
		{1FA05BFE-0AA5-4E9D-B795-6585A54DD3B7}.Debug|Any CPU.ActiveCfg = Debug|Any CPU
		{1FA05BFE-0AA5-4E9D-B795-6585A54DD3B7}.Debug|Any CPU.Build.0 = Debug|Any CPU
		{1FA05BFE-0AA5-4E9D-B795-6585A54DD3B7}.Release|Any CPU.ActiveCfg = Release|Any CPU
		{1FA05BFE-0AA5-4E9D-B795-6585A54DD3B7}.Release|Any CPU.Build.0 = Release|Any CPU
		{D92ECADE-7DAE-4D0E-B957-38BB5C1818DD}.Debug|Any CPU.ActiveCfg = Debug|Any CPU
		{D92ECADE-7DAE-4D0E-B957-38BB5C1818DD}.Debug|Any CPU.Build.0 = Debug|Any CPU
		{D92ECADE-7DAE-4D0E-B957-38BB5C1818DD}.Release|Any CPU.ActiveCfg = Release|Any CPU
		{D92ECADE-7DAE-4D0E-B957-38BB5C1818DD}.Release|Any CPU.Build.0 = Release|Any CPU
		{5D7DD59E-EB24-406C-BCA1-4D70FAB0E500}.Debug|Any CPU.ActiveCfg = Debug|Any CPU
		{5D7DD59E-EB24-406C-BCA1-4D70FAB0E500}.Debug|Any CPU.Build.0 = Debug|Any CPU
		{5D7DD59E-EB24-406C-BCA1-4D70FAB0E500}.Release|Any CPU.ActiveCfg = Release|Any CPU
		{5D7DD59E-EB24-406C-BCA1-4D70FAB0E500}.Release|Any CPU.Build.0 = Release|Any CPU
	EndGlobalSection
	GlobalSection(SolutionProperties) = preSolution
		HideSolutionNode = FALSE
	EndGlobalSection
	GlobalSection(ExtensibilityGlobals) = postSolution
		SolutionGuid = {F05EDF00-AE8D-41A6-827F-B0D9E958CAD7}
	EndGlobalSection
EndGlobal
