
Microsoft Visual Studio Solution File, Format Version 12.00
# Visual Studio Version 16
VisualStudioVersion = 16.0.30225.117
MinimumVisualStudioVersion = 10.0.40219.1
Project("{FAE04EC0-301F-11D3-BF4B-00C04F79EFBC}") = "Trying2", "Trying2\Trying2.csproj", "{FFB45C2B-E9DF-43D0-8246-A7570949118C}"
EndProject
Project("{FAE04EC0-301F-11D3-BF4B-00C04F79EFBC}") = "Trying3", "Trying3\Trying3.csproj", "{F166DF3B-BE61-45F2-B2E5-49CC610113F0}"
EndProject
Project("{FAE04EC0-301F-11D3-BF4B-00C04F79EFBC}") = "Trying4", "Trying4\Trying4.csproj", "{74001336-CD02-4F8E-B656-D759CCACDD22}"
EndProject
Project("{FAE04EC0-301F-11D3-BF4B-00C04F79EFBC}") = "Trying5", "Trying5\Trying5.csproj", "{74795F09-A8AE-431F-9966-457A149A9172}"
EndProject
Global
	GlobalSection(SolutionConfigurationPlatforms) = preSolution
		Debug|Any CPU = Debug|Any CPU
		Release|Any CPU = Release|Any CPU
	EndGlobalSection
	GlobalSection(ProjectConfigurationPlatforms) = postSolution
		{FFB45C2B-E9DF-43D0-8246-A7570949118C}.Debug|Any CPU.ActiveCfg = Debug|Any CPU
		{FFB45C2B-E9DF-43D0-8246-A7570949118C}.Debug|Any CPU.Build.0 = Debug|Any CPU
		{FFB45C2B-E9DF-43D0-8246-A7570949118C}.Release|Any CPU.ActiveCfg = Release|Any CPU
		{FFB45C2B-E9DF-43D0-8246-A7570949118C}.Release|Any CPU.Build.0 = Release|Any CPU
		{F166DF3B-BE61-45F2-B2E5-49CC610113F0}.Debug|Any CPU.ActiveCfg = Debug|Any CPU
		{F166DF3B-BE61-45F2-B2E5-49CC610113F0}.Debug|Any CPU.Build.0 = Debug|Any CPU
		{F166DF3B-BE61-45F2-B2E5-49CC610113F0}.Release|Any CPU.ActiveCfg = Release|Any CPU
		{F166DF3B-BE61-45F2-B2E5-49CC610113F0}.Release|Any CPU.Build.0 = Release|Any CPU
		{74001336-CD02-4F8E-B656-D759CCACDD22}.Debug|Any CPU.ActiveCfg = Debug|Any CPU
		{74001336-CD02-4F8E-B656-D759CCACDD22}.Debug|Any CPU.Build.0 = Debug|Any CPU
		{74001336-CD02-4F8E-B656-D759CCACDD22}.Release|Any CPU.ActiveCfg = Release|Any CPU
		{74001336-CD02-4F8E-B656-D759CCACDD22}.Release|Any CPU.Build.0 = Release|Any CPU
		{74795F09-A8AE-431F-9966-457A149A9172}.Debug|Any CPU.ActiveCfg = Debug|Any CPU
		{74795F09-A8AE-431F-9966-457A149A9172}.Debug|Any CPU.Build.0 = Debug|Any CPU
		{74795F09-A8AE-431F-9966-457A149A9172}.Release|Any CPU.ActiveCfg = Release|Any CPU
		{74795F09-A8AE-431F-9966-457A149A9172}.Release|Any CPU.Build.0 = Release|Any CPU
	EndGlobalSection
	GlobalSection(SolutionProperties) = preSolution
		HideSolutionNode = FALSE
	EndGlobalSection
	GlobalSection(ExtensibilityGlobals) = postSolution
		SolutionGuid = {E1D8A91F-1519-48EB-AABB-8D4ECA76A161}
	EndGlobalSection
EndGlobal
