
Microsoft Visual Studio Solution File, Format Version 12.00
# Visual Studio Version 16
VisualStudioVersion = 16.0.30621.155
MinimumVisualStudioVersion = 10.0.40219.1
Project("{9A19103F-16F7-4668-BE54-9A1E7A4F7556}") = "Form1", "Form1\Form1.csproj", "{4AECF5F8-AA64-41C3-BF08-57570B8AB23A}"
EndProject
Project("{FAE04EC0-301F-11D3-BF4B-00C04F79EFBC}") = "Form2", "Form2\Form2.csproj", "{34597079-9E8F-47A2-8C7E-13E289D8BC76}"
EndProject
Global
	GlobalSection(SolutionConfigurationPlatforms) = preSolution
		Debug|Any CPU = Debug|Any CPU
		Release|Any CPU = Release|Any CPU
	EndGlobalSection
	GlobalSection(ProjectConfigurationPlatforms) = postSolution
		{4AECF5F8-AA64-41C3-BF08-57570B8AB23A}.Debug|Any CPU.ActiveCfg = Debug|Any CPU
		{4AECF5F8-AA64-41C3-BF08-57570B8AB23A}.Debug|Any CPU.Build.0 = Debug|Any CPU
		{4AECF5F8-AA64-41C3-BF08-57570B8AB23A}.Release|Any CPU.ActiveCfg = Release|Any CPU
		{4AECF5F8-AA64-41C3-BF08-57570B8AB23A}.Release|Any CPU.Build.0 = Release|Any CPU
		{34597079-9E8F-47A2-8C7E-13E289D8BC76}.Debug|Any CPU.ActiveCfg = Debug|Any CPU
		{34597079-9E8F-47A2-8C7E-13E289D8BC76}.Debug|Any CPU.Build.0 = Debug|Any CPU
		{34597079-9E8F-47A2-8C7E-13E289D8BC76}.Release|Any CPU.ActiveCfg = Release|Any CPU
		{34597079-9E8F-47A2-8C7E-13E289D8BC76}.Release|Any CPU.Build.0 = Release|Any CPU
	EndGlobalSection
	GlobalSection(SolutionProperties) = preSolution
		HideSolutionNode = FALSE
	EndGlobalSection
	GlobalSection(ExtensibilityGlobals) = postSolution
		SolutionGuid = {B56732E2-ACFE-4296-BD06-A2EBBF90CC30}
	EndGlobalSection
EndGlobal
