
Microsoft Visual Studio Solution File, Format Version 12.00
# Visual Studio Version 16
VisualStudioVersion = 16.0.30804.86
MinimumVisualStudioVersion = 10.0.40219.1
Project("{FAE04EC0-301F-11D3-BF4B-00C04F79EFBC}") = "Testability", "Testability\Testability.csproj", "{E45B3CD9-3F92-4FCD-92EC-663ED307E984}"
EndProject
Project("{FAE04EC0-301F-11D3-BF4B-00C04F79EFBC}") = "Testabliity.UnitTests", "Testabliity.UnitTests\Testabliity.UnitTests.csproj", "{1DD75540-5CFC-4830-9D72-1F1F149BE87F}"
EndProject
Project("{FAE04EC0-301F-11D3-BF4B-00C04F79EFBC}") = "Extensibility", "Extensibility\Extensibility.csproj", "{06682D7A-80F6-4C56-9A60-F1C435A79F64}"
EndProject
Global
	GlobalSection(SolutionConfigurationPlatforms) = preSolution
		Debug|Any CPU = Debug|Any CPU
		Release|Any CPU = Release|Any CPU
	EndGlobalSection
	GlobalSection(ProjectConfigurationPlatforms) = postSolution
		{E45B3CD9-3F92-4FCD-92EC-663ED307E984}.Debug|Any CPU.ActiveCfg = Debug|Any CPU
		{E45B3CD9-3F92-4FCD-92EC-663ED307E984}.Debug|Any CPU.Build.0 = Debug|Any CPU
		{E45B3CD9-3F92-4FCD-92EC-663ED307E984}.Release|Any CPU.ActiveCfg = Release|Any CPU
		{E45B3CD9-3F92-4FCD-92EC-663ED307E984}.Release|Any CPU.Build.0 = Release|Any CPU
		{1DD75540-5CFC-4830-9D72-1F1F149BE87F}.Debug|Any CPU.ActiveCfg = Debug|Any CPU
		{1DD75540-5CFC-4830-9D72-1F1F149BE87F}.Debug|Any CPU.Build.0 = Debug|Any CPU
		{1DD75540-5CFC-4830-9D72-1F1F149BE87F}.Release|Any CPU.ActiveCfg = Release|Any CPU
		{1DD75540-5CFC-4830-9D72-1F1F149BE87F}.Release|Any CPU.Build.0 = Release|Any CPU
		{06682D7A-80F6-4C56-9A60-F1C435A79F64}.Debug|Any CPU.ActiveCfg = Debug|Any CPU
		{06682D7A-80F6-4C56-9A60-F1C435A79F64}.Debug|Any CPU.Build.0 = Debug|Any CPU
		{06682D7A-80F6-4C56-9A60-F1C435A79F64}.Release|Any CPU.ActiveCfg = Release|Any CPU
		{06682D7A-80F6-4C56-9A60-F1C435A79F64}.Release|Any CPU.Build.0 = Release|Any CPU
	EndGlobalSection
	GlobalSection(SolutionProperties) = preSolution
		HideSolutionNode = FALSE
	EndGlobalSection
	GlobalSection(ExtensibilityGlobals) = postSolution
		SolutionGuid = {D9505081-9957-4AE3-A4B0-E6BD0452C3B9}
	EndGlobalSection
EndGlobal
